<?xml version="1.0" encoding="UTF-8"?>
<Scheme
   LastUpgradeVersion = "0820"
   version = "1.3">
   <BuildAction
      parallelizeBuildables = "YES"
      buildImplicitDependencies = "YES">
      <BuildActionEntries>
         <BuildActionEntry
            buildForTesting = "YES"
            buildForRunning = "YES"
            buildForProfiling = "YES"
            buildForArchiving = "YES"
            buildForAnalyzing = "YES">
            <BuildableReference
               BuildableIdentifier = "primary"
               BlueprintIdentifier = "C2A3F2CC17F4827800AC1C3B"
               BuildableName = "libXCDYouTubeKit.a"
               BlueprintName = "XCDYouTubeKit Static Library"
               ReferencedContainer = "container:XCDYouTubeKit.xcodeproj">
            </BuildableReference>
         </BuildActionEntry>
      </BuildActionEntries>
   </BuildAction>
   <TestAction
      buildConfiguration = "Debug"
      selectedDebuggerIdentifier = "Xcode.DebuggerFoundation.Debugger.LLDB"
      selectedLauncherIdentifier = "Xcode.DebuggerFoundation.Launcher.LLDB"
      shouldUseLaunchSchemeArgsEnv = "NO">
      <Testables>
         <TestableReference
            skipped = "NO">
            <BuildableReference
               BuildableIdentifier = "primary"
               BlueprintIdentifier = "C20F579A18817D5400EDBFB0"
               BuildableName = "XCDYouTubeKit.xctest"
               BlueprintName = "XCDYouTubeKit Tests"
               ReferencedContainer = "container:XCDYouTubeKit.xcodeproj">
            </BuildableReference>
         </TestableReference>
      </Testables>
      <MacroExpansion>
         <BuildableReference
            BuildableIdentifier = "primary"
            BlueprintIdentifier = "C2A3F2CC17F4827800AC1C3B"
            BuildableName = "libXCDYouTubeKit.a"
            BlueprintName = "XCDYouTubeKit Static Library"
            ReferencedContainer = "container:XCDYouTubeKit.xcodeproj">
         </BuildableReference>
      </MacroExpansion>
      <EnvironmentVariables>
         <EnvironmentVariable
            key = "XCDYouTubeKitLogLevel"
            value = "0"
            isEnabled = "YES">
         </EnvironmentVariable>
         <EnvironmentVariable
            key = "VCR_CASSETTES_DIRECTORY"
            value = "$(SRCROOT)/XCDYouTubeKit Tests/Cassettes"
            isEnabled = "NO">
         </EnvironmentVariable>
         <EnvironmentVariable
            key = "ONLINE_TESTS"
            value = "YES"
            isEnabled = "NO">
         </EnvironmentVariable>
      </EnvironmentVariables>
      <AdditionalOptions>
      </AdditionalOptions>
   </TestAction>
   <LaunchAction
      buildConfiguration = "Debug"
      selectedDebuggerIdentifier = "Xcode.DebuggerFoundation.Debugger.LLDB"
      selectedLauncherIdentifier = "Xcode.DebuggerFoundation.Launcher.LLDB"
      launchStyle = "0"
      useCustomWorkingDirectory = "NO"
      ignoresPersistentStateOnLaunch = "NO"
      debugDocumentVersioning = "YES"
      debugServiceExtension = "internal"
      allowLocationSimulation = "YES">
      <MacroExpansion>
         <BuildableReference
            BuildableIdentifier = "primary"
            BlueprintIdentifier = "C2A3F2CC17F4827800AC1C3B"
            BuildableName = "libXCDYouTubeKit.a"
            BlueprintName = "XCDYouTubeKit Static Library"
            ReferencedContainer = "container:XCDYouTubeKit.xcodeproj">
         </BuildableReference>
      </MacroExpansion>
      <AdditionalOptions>
      </AdditionalOptions>
   </LaunchAction>
   <ProfileAction
      buildConfiguration = "Release"
      shouldUseLaunchSchemeArgsEnv = "YES"
      savedToolIdentifier = ""
      useCustomWorkingDirectory = "NO"
      debugDocumentVersioning = "YES">
      <MacroExpansion>
         <BuildableReference
            BuildableIdentifier = "primary"
            BlueprintIdentifier = "C2A3F2CC17F4827800AC1C3B"
            BuildableName = "libXCDYouTubeKit.a"
            BlueprintName = "XCDYouTubeKit Static Library"
            ReferencedContainer = "container:XCDYouTubeKit.xcodeproj">
         </BuildableReference>
      </MacroExpansion>
   </ProfileAction>
   <AnalyzeAction
      buildConfiguration = "Debug">
   </AnalyzeAction>
   <ArchiveAction
      buildConfiguration = "Release"
      revealArchiveInOrganizer = "YES">
   </ArchiveAction>
</Scheme>
