// !$*UTF8*$!
{
	archiveVersion = 1;
	classes = {
	};
	objectVersion = 46;
	objects = {

/* Begin PBXBuildFile section */
		C20F57A818817D5400EDBFB0 /* XCDYouTubeClientTestCase.m in Sources */ = {isa = PBXBuildFile; fileRef = C20F57A718817D5400EDBFB0 /* XCDYouTubeClientTestCase.m */; };
		C2142F2A19644779000FA9C0 /* XCDYouTubeKit.h in Headers */ = {isa = PBXBuildFile; fileRef = C2D0CBAC19122A8F00DA8CD4 /* XCDYouTubeKit.h */; settings = {ATTRIBUTES = (Public, ); }; };
		C215BEB91BE2E5B500F9783B /* XCDYouTubeVideoWebpage.h in Headers */ = {isa = PBXBuildFile; fileRef = C2386B1C1974036300646123 /* XCDYouTubeVideoWebpage.h */; };
		C22263381B33FDE000BA6719 /* XCTestWorkarounds.m in Sources */ = {isa = PBXBuildFile; fileRef = C22263371B33FDE000BA6719 /* XCTestWorkarounds.m */; };
		C224EB75191AF0370038186E /* XCDYouTubeKitTestCase.m in Sources */ = {isa = PBXBuildFile; fileRef = C224EB74191AF0370038186E /* XCDYouTubeKitTestCase.m */; };
		C2386B1F1974036300646123 /* XCDYouTubeVideoWebpage.m in Sources */ = {isa = PBXBuildFile; fileRef = C2386B1D1974036300646123 /* XCDYouTubeVideoWebpage.m */; };
		C24C162E18E9A139005E92E9 /* XCDYouTubeVideoOperation.m in Sources */ = {isa = PBXBuildFile; fileRef = C24C162D18E9A139005E92E9 /* XCDYouTubeVideoOperation.m */; };
		C25308C518D7392500132734 /* XCDYouTubeClient.m in Sources */ = {isa = PBXBuildFile; fileRef = C25308C418D7392500132734 /* XCDYouTubeClient.m */; };
		C25308C818D739EB00132734 /* XCDYouTubeVideo.m in Sources */ = {isa = PBXBuildFile; fileRef = C25308C718D739EB00132734 /* XCDYouTubeVideo.m */; };
		C257F7911C206B8F006146D3 /* XCDYouTubeLogger+Private.h in Headers */ = {isa = PBXBuildFile; fileRef = C257F7901C206B86006146D3 /* XCDYouTubeLogger+Private.h */; };
		C257F7941C206D26006146D3 /* XCDYouTubeLogger.h in Headers */ = {isa = PBXBuildFile; fileRef = C2597EA41B0CD2120030E9F2 /* XCDYouTubeLogger.h */; settings = {ATTRIBUTES = (Public, ); }; };
		C257F7971C21617B006146D3 /* XCDYouTubeLogger.h in Copy Files */ = {isa = PBXBuildFile; fileRef = C2597EA41B0CD2120030E9F2 /* XCDYouTubeLogger.h */; };
		C2597EA61B0CE6D80030E9F2 /* XCDYouTubeLogger.m in Sources */ = {isa = PBXBuildFile; fileRef = C2597EA51B0CE6D70030E9F2 /* XCDYouTubeLogger.m */; };
		C2597EA71B0CE6D80030E9F2 /* XCDYouTubeLogger.m in Sources */ = {isa = PBXBuildFile; fileRef = C2597EA51B0CE6D70030E9F2 /* XCDYouTubeLogger.m */; };
		C27CF88419584F8A0063701F /* XCDYouTubeProtectedVideosTestCase.m in Sources */ = {isa = PBXBuildFile; fileRef = C27CF88319584F8A0063701F /* XCDYouTubeProtectedVideosTestCase.m */; };
		C27CF8881958F2940063701F /* XCDYouTubeVideoOperationTestCase.m in Sources */ = {isa = PBXBuildFile; fileRef = C27CF8871958F2940063701F /* XCDYouTubeVideoOperationTestCase.m */; };
		C284FA011DA19941006C4AAE /* XCDYouTubeKit.framework in Frameworks */ = {isa = PBXBuildFile; fileRef = C2F0E5731944F10E00D8EBA8 /* XCDYouTubeKit.framework */; };
		C29951B5197DBD85001718A8 /* XCDYouTubeVideoWebpage.m in Sources */ = {isa = PBXBuildFile; fileRef = C2386B1D1974036300646123 /* XCDYouTubeVideoWebpage.m */; };
		C2A3F2D617F4827800AC1C3B /* XCDYouTubeVideoPlayerViewController.h in Copy Files */ = {isa = PBXBuildFile; fileRef = C2A3F2D517F4827800AC1C3B /* XCDYouTubeVideoPlayerViewController.h */; };
		C2A3F2D817F4827800AC1C3B /* XCDYouTubeVideoPlayerViewController.m in Sources */ = {isa = PBXBuildFile; fileRef = C2A3F2D717F4827800AC1C3B /* XCDYouTubeVideoPlayerViewController.m */; };
		C2A7E8B518EE1EFC005B8B5F /* XCDYouTubeClient.h in Copy Files */ = {isa = PBXBuildFile; fileRef = C25308C318D7392500132734 /* XCDYouTubeClient.h */; };
		C2A7E8B618EE1F00005B8B5F /* XCDYouTubeError.h in Copy Files */ = {isa = PBXBuildFile; fileRef = C24C162918E4DA6E005E92E9 /* XCDYouTubeError.h */; };
		C2A7E8B718EE1F09005B8B5F /* XCDYouTubeOperation.h in Copy Files */ = {isa = PBXBuildFile; fileRef = C24C163318E9FECE005E92E9 /* XCDYouTubeOperation.h */; };
		C2A7E8B818EE205D005B8B5F /* XCDYouTubeVideo.h in Copy Files */ = {isa = PBXBuildFile; fileRef = C25308C618D739EB00132734 /* XCDYouTubeVideo.h */; };
		C2C3569818FD2CB400F8D744 /* XCDYouTubeVideoPlayerViewControllerTestCase.m in Sources */ = {isa = PBXBuildFile; fileRef = C2C3569718FD2CB400F8D744 /* XCDYouTubeVideoPlayerViewControllerTestCase.m */; };
		C2D0CBAD19122B3B00DA8CD4 /* XCDYouTubeKit.h in Copy Files */ = {isa = PBXBuildFile; fileRef = C2D0CBAC19122A8F00DA8CD4 /* XCDYouTubeKit.h */; };
		C2D0CBAE19122B4800DA8CD4 /* XCDYouTubeVideoOperation.h in Copy Files */ = {isa = PBXBuildFile; fileRef = C24C162C18E9A139005E92E9 /* XCDYouTubeVideoOperation.h */; };
		C2D0CBB01912334400DA8CD4 /* XCDYouTubeVideoTestCase.m in Sources */ = {isa = PBXBuildFile; fileRef = C2D0CBAF1912334400DA8CD4 /* XCDYouTubeVideoTestCase.m */; };
		C2D0CC501912673500DA8CD4 /* VCR+NSURLSessionConfiguration.m in Sources */ = {isa = PBXBuildFile; fileRef = C2D0CC3C1912673500DA8CD4 /* VCR+NSURLSessionConfiguration.m */; settings = {COMPILER_FLAGS = "-Wno-missing-prototypes -Wno-undef"; }; };
		C2D0CC511912673500DA8CD4 /* VCR.m in Sources */ = {isa = PBXBuildFile; fileRef = C2D0CC3E1912673500DA8CD4 /* VCR.m */; };
		C2D0CC521912673500DA8CD4 /* VCRCassette.m in Sources */ = {isa = PBXBuildFile; fileRef = C2D0CC401912673500DA8CD4 /* VCRCassette.m */; settings = {COMPILER_FLAGS = "-Wno-overriding-method-mismatch -Wno-method-signatures -Wno-assign-enum"; }; };
		C2D0CC531912673500DA8CD4 /* VCRCassetteManager.m in Sources */ = {isa = PBXBuildFile; fileRef = C2D0CC431912673500DA8CD4 /* VCRCassetteManager.m */; };
		C2D0CC541912673500DA8CD4 /* VCRErrorSerialization.m in Sources */ = {isa = PBXBuildFile; fileRef = C2D0CC451912673500DA8CD4 /* VCRErrorSerialization.m */; };
		C2D0CC551912673500DA8CD4 /* VCROrderedMutableDictionary.m in Sources */ = {isa = PBXBuildFile; fileRef = C2D0CC471912673500DA8CD4 /* VCROrderedMutableDictionary.m */; settings = {COMPILER_FLAGS = "-Wno-overriding-method-mismatch -Wno-missing-prototypes -Wno-method-signatures -Wno-objc-designated-initializers"; }; };
		C2D0CC561912673500DA8CD4 /* VCRRecording.m in Sources */ = {isa = PBXBuildFile; fileRef = C2D0CC491912673500DA8CD4 /* VCRRecording.m */; settings = {COMPILER_FLAGS = "-Wno-overriding-method-mismatch -Wno-assign-enum -Wno-direct-ivar-access -Wno-method-signatures -Wno-sign-conversion"; }; };
		C2D0CC571912673500DA8CD4 /* VCRRecordingURLProtocol.m in Sources */ = {isa = PBXBuildFile; fileRef = C2D0CC4B1912673500DA8CD4 /* VCRRecordingURLProtocol.m */; settings = {COMPILER_FLAGS = "-Wno-deprecated-declarations"; }; };
		C2D0CC581912673500DA8CD4 /* VCRReplayingURLProtocol.m in Sources */ = {isa = PBXBuildFile; fileRef = C2D0CC4D1912673500DA8CD4 /* VCRReplayingURLProtocol.m */; };
		C2D0CC591912673500DA8CD4 /* VCRRequestKey.m in Sources */ = {isa = PBXBuildFile; fileRef = C2D0CC4F1912673500DA8CD4 /* VCRRequestKey.m */; settings = {COMPILER_FLAGS = "-Wno-overriding-method-mismatch -Wno-method-signatures"; }; };
		C2D0CC5D19126E1200DA8CD4 /* Cassettes in Resources */ = {isa = PBXBuildFile; fileRef = C2D0CC5C19126E1200DA8CD4 /* Cassettes */; };
		C2F0E58E1944F82600D8EBA8 /* XCDYouTubeClient.h in Headers */ = {isa = PBXBuildFile; fileRef = C25308C318D7392500132734 /* XCDYouTubeClient.h */; settings = {ATTRIBUTES = (Public, ); }; };
		C2F0E58F1944F82600D8EBA8 /* XCDYouTubeError.h in Headers */ = {isa = PBXBuildFile; fileRef = C24C162918E4DA6E005E92E9 /* XCDYouTubeError.h */; settings = {ATTRIBUTES = (Public, ); }; };
		C2F0E5901944F83E00D8EBA8 /* XCDYouTubeOperation.h in Headers */ = {isa = PBXBuildFile; fileRef = C24C163318E9FECE005E92E9 /* XCDYouTubeOperation.h */; settings = {ATTRIBUTES = (Public, ); }; };
		C2F0E5911944F84200D8EBA8 /* XCDYouTubePlayerScript.h in Headers */ = {isa = PBXBuildFile; fileRef = C2FB52DC1918F88C00B2CBE6 /* XCDYouTubePlayerScript.h */; };
		C2F0E5921944F84400D8EBA8 /* XCDYouTubeVideo+Private.h in Headers */ = {isa = PBXBuildFile; fileRef = C26DF31518D8544D002248A9 /* XCDYouTubeVideo+Private.h */; };
		C2F0E5931944F84700D8EBA8 /* XCDYouTubeVideo.h in Headers */ = {isa = PBXBuildFile; fileRef = C25308C618D739EB00132734 /* XCDYouTubeVideo.h */; settings = {ATTRIBUTES = (Public, ); }; };
		C2F0E5941944F84A00D8EBA8 /* XCDYouTubeVideoOperation.h in Headers */ = {isa = PBXBuildFile; fileRef = C24C162C18E9A139005E92E9 /* XCDYouTubeVideoOperation.h */; settings = {ATTRIBUTES = (Public, ); }; };
		C2F0E5951944F85500D8EBA8 /* XCDYouTubeVideoPlayerViewController.h in Headers */ = {isa = PBXBuildFile; fileRef = C2A3F2D517F4827800AC1C3B /* XCDYouTubeVideoPlayerViewController.h */; settings = {ATTRIBUTES = (Public, ); }; };
		C2F0E5991944F8C200D8EBA8 /* XCDYouTubeClient.m in Sources */ = {isa = PBXBuildFile; fileRef = C25308C418D7392500132734 /* XCDYouTubeClient.m */; };
		C2F0E59A1944F8C700D8EBA8 /* XCDYouTubePlayerScript.m in Sources */ = {isa = PBXBuildFile; fileRef = C2FB52DD1918F88C00B2CBE6 /* XCDYouTubePlayerScript.m */; };
		C2F0E59B1944F8CA00D8EBA8 /* XCDYouTubeVideo.m in Sources */ = {isa = PBXBuildFile; fileRef = C25308C718D739EB00132734 /* XCDYouTubeVideo.m */; };
		C2F0E59C1944F8CF00D8EBA8 /* XCDYouTubeVideoOperation.m in Sources */ = {isa = PBXBuildFile; fileRef = C24C162D18E9A139005E92E9 /* XCDYouTubeVideoOperation.m */; };
		C2F0E59D1944F8D600D8EBA8 /* XCDYouTubeVideoPlayerViewController.m in Sources */ = {isa = PBXBuildFile; fileRef = C2A3F2D717F4827800AC1C3B /* XCDYouTubeVideoPlayerViewController.m */; };
		C2FB52DE1918F88C00B2CBE6 /* XCDYouTubePlayerScript.m in Sources */ = {isa = PBXBuildFile; fileRef = C2FB52DD1918F88C00B2CBE6 /* XCDYouTubePlayerScript.m */; };
/* End PBXBuildFile section */

/* Begin PBXContainerItemProxy section */
		C20F57AA18817D5400EDBFB0 /* PBXContainerItemProxy */ = {
			isa = PBXContainerItemProxy;
			containerPortal = C2A3F2C517F4827800AC1C3B /* Project object */;
			proxyType = 1;
			remoteGlobalIDString = C2A3F2CC17F4827800AC1C3B;
			remoteInfo = XCDYouTubeKit;
		};
/* End PBXContainerItemProxy section */

/* Begin PBXCopyFilesBuildPhase section */
		C2A3F2CB17F4827800AC1C3B /* Copy Files */ = {
			isa = PBXCopyFilesBuildPhase;
			buildActionMask = 12;
			dstPath = "include/${PRODUCT_NAME}";
			dstSubfolderSpec = 16;
			files = (
				C2D0CBAD19122B3B00DA8CD4 /* XCDYouTubeKit.h in Copy Files */,
				C2A7E8B518EE1EFC005B8B5F /* XCDYouTubeClient.h in Copy Files */,
				C2A7E8B618EE1F00005B8B5F /* XCDYouTubeError.h in Copy Files */,
				C257F7971C21617B006146D3 /* XCDYouTubeLogger.h in Copy Files */,
				C2A7E8B718EE1F09005B8B5F /* XCDYouTubeOperation.h in Copy Files */,
				C2A7E8B818EE205D005B8B5F /* XCDYouTubeVideo.h in Copy Files */,
				C2D0CBAE19122B4800DA8CD4 /* XCDYouTubeVideoOperation.h in Copy Files */,
				C2A3F2D617F4827800AC1C3B /* XCDYouTubeVideoPlayerViewController.h in Copy Files */,
			);
			name = "Copy Files";
			runOnlyForDeploymentPostprocessing = 0;
		};
/* End PBXCopyFilesBuildPhase section */

/* Begin PBXFileReference section */
		C20F579B18817D5400EDBFB0 /* XCDYouTubeKit.xctest */ = {isa = PBXFileReference; explicitFileType = wrapper.cfbundle; includeInIndex = 0; path = XCDYouTubeKit.xctest; sourceTree = BUILT_PRODUCTS_DIR; };
		C20F57A718817D5400EDBFB0 /* XCDYouTubeClientTestCase.m */ = {isa = PBXFileReference; lastKnownFileType = sourcecode.c.objc; path = XCDYouTubeClientTestCase.m; sourceTree = "<group>"; };
		C22263371B33FDE000BA6719 /* XCTestWorkarounds.m */ = {isa = PBXFileReference; fileEncoding = 4; lastKnownFileType = sourcecode.c.objc; path = XCTestWorkarounds.m; sourceTree = "<group>"; };
		C224EB74191AF0370038186E /* XCDYouTubeKitTestCase.m */ = {isa = PBXFileReference; fileEncoding = 4; lastKnownFileType = sourcecode.c.objc; path = XCDYouTubeKitTestCase.m; sourceTree = "<group>"; };
		C224EB76191AF0570038186E /* XCDYouTubeKitTestCase.h */ = {isa = PBXFileReference; lastKnownFileType = sourcecode.c.h; path = XCDYouTubeKitTestCase.h; sourceTree = "<group>"; };
		C2386B1C1974036300646123 /* XCDYouTubeVideoWebpage.h */ = {isa = PBXFileReference; fileEncoding = 4; lastKnownFileType = sourcecode.c.h; path = XCDYouTubeVideoWebpage.h; sourceTree = "<group>"; };
		C2386B1D1974036300646123 /* XCDYouTubeVideoWebpage.m */ = {isa = PBXFileReference; fileEncoding = 4; lastKnownFileType = sourcecode.c.objc; path = XCDYouTubeVideoWebpage.m; sourceTree = "<group>"; };
		C24C162918E4DA6E005E92E9 /* XCDYouTubeError.h */ = {isa = PBXFileReference; fileEncoding = 4; lastKnownFileType = sourcecode.c.h; path = XCDYouTubeError.h; sourceTree = "<group>"; };
		C24C162C18E9A139005E92E9 /* XCDYouTubeVideoOperation.h */ = {isa = PBXFileReference; fileEncoding = 4; lastKnownFileType = sourcecode.c.h; path = XCDYouTubeVideoOperation.h; sourceTree = "<group>"; };
		C24C162D18E9A139005E92E9 /* XCDYouTubeVideoOperation.m */ = {isa = PBXFileReference; fileEncoding = 4; lastKnownFileType = sourcecode.c.objc; path = XCDYouTubeVideoOperation.m; sourceTree = "<group>"; };
		C24C163318E9FECE005E92E9 /* XCDYouTubeOperation.h */ = {isa = PBXFileReference; lastKnownFileType = sourcecode.c.h; path = XCDYouTubeOperation.h; sourceTree = "<group>"; };
		C25308C318D7392500132734 /* XCDYouTubeClient.h */ = {isa = PBXFileReference; fileEncoding = 4; lastKnownFileType = sourcecode.c.h; path = XCDYouTubeClient.h; sourceTree = "<group>"; };
		C25308C418D7392500132734 /* XCDYouTubeClient.m */ = {isa = PBXFileReference; fileEncoding = 4; lastKnownFileType = sourcecode.c.objc; path = XCDYouTubeClient.m; sourceTree = "<group>"; };
		C25308C618D739EB00132734 /* XCDYouTubeVideo.h */ = {isa = PBXFileReference; fileEncoding = 4; lastKnownFileType = sourcecode.c.h; path = XCDYouTubeVideo.h; sourceTree = "<group>"; };
		C25308C718D739EB00132734 /* XCDYouTubeVideo.m */ = {isa = PBXFileReference; fileEncoding = 4; lastKnownFileType = sourcecode.c.objc; path = XCDYouTubeVideo.m; sourceTree = "<group>"; };
		C257F7901C206B86006146D3 /* XCDYouTubeLogger+Private.h */ = {isa = PBXFileReference; lastKnownFileType = sourcecode.c.h; path = "XCDYouTubeLogger+Private.h"; sourceTree = "<group>"; };
		C2597EA41B0CD2120030E9F2 /* XCDYouTubeLogger.h */ = {isa = PBXFileReference; lastKnownFileType = sourcecode.c.h; path = XCDYouTubeLogger.h; sourceTree = "<group>"; };
		C2597EA51B0CE6D70030E9F2 /* XCDYouTubeLogger.m */ = {isa = PBXFileReference; fileEncoding = 4; lastKnownFileType = sourcecode.c.objc; path = XCDYouTubeLogger.m; sourceTree = "<group>"; };
		C26231A5191D74D300D23900 /* Info.plist */ = {isa = PBXFileReference; fileEncoding = 4; lastKnownFileType = text.plist.xml; path = Info.plist; sourceTree = "<group>"; };
		C26DF31518D8544D002248A9 /* XCDYouTubeVideo+Private.h */ = {isa = PBXFileReference; lastKnownFileType = sourcecode.c.h; path = "XCDYouTubeVideo+Private.h"; sourceTree = "<group>"; };
		C27CF88319584F8A0063701F /* XCDYouTubeProtectedVideosTestCase.m */ = {isa = PBXFileReference; fileEncoding = 4; lastKnownFileType = sourcecode.c.objc; path = XCDYouTubeProtectedVideosTestCase.m; sourceTree = "<group>"; };
		C27CF8871958F2940063701F /* XCDYouTubeVideoOperationTestCase.m */ = {isa = PBXFileReference; fileEncoding = 4; lastKnownFileType = sourcecode.c.objc; path = XCDYouTubeVideoOperationTestCase.m; sourceTree = "<group>"; };
		C2A3F2CD17F4827800AC1C3B /* libXCDYouTubeKit.a */ = {isa = PBXFileReference; explicitFileType = archive.ar; includeInIndex = 0; path = libXCDYouTubeKit.a; sourceTree = BUILT_PRODUCTS_DIR; };
		C2A3F2D517F4827800AC1C3B /* XCDYouTubeVideoPlayerViewController.h */ = {isa = PBXFileReference; lastKnownFileType = sourcecode.c.h; path = XCDYouTubeVideoPlayerViewController.h; sourceTree = "<group>"; };
		C2A3F2D717F4827800AC1C3B /* XCDYouTubeVideoPlayerViewController.m */ = {isa = PBXFileReference; lastKnownFileType = sourcecode.c.objc; path = XCDYouTubeVideoPlayerViewController.m; sourceTree = "<group>"; };
		C2C3569718FD2CB400F8D744 /* XCDYouTubeVideoPlayerViewControllerTestCase.m */ = {isa = PBXFileReference; fileEncoding = 4; lastKnownFileType = sourcecode.c.objc; path = XCDYouTubeVideoPlayerViewControllerTestCase.m; sourceTree = "<group>"; };
		C2D0CBAC19122A8F00DA8CD4 /* XCDYouTubeKit.h */ = {isa = PBXFileReference; lastKnownFileType = sourcecode.c.h; path = XCDYouTubeKit.h; sourceTree = "<group>"; };
		C2D0CBAF1912334400DA8CD4 /* XCDYouTubeVideoTestCase.m */ = {isa = PBXFileReference; fileEncoding = 4; lastKnownFileType = sourcecode.c.objc; path = XCDYouTubeVideoTestCase.m; sourceTree = "<group>"; };
		C2D0CC3B1912673500DA8CD4 /* VCR+NSURLSessionConfiguration.h */ = {isa = PBXFileReference; fileEncoding = 4; lastKnownFileType = sourcecode.c.h; path = "VCR+NSURLSessionConfiguration.h"; sourceTree = "<group>"; };
		C2D0CC3C1912673500DA8CD4 /* VCR+NSURLSessionConfiguration.m */ = {isa = PBXFileReference; fileEncoding = 4; lastKnownFileType = sourcecode.c.objc; path = "VCR+NSURLSessionConfiguration.m"; sourceTree = "<group>"; };
		C2D0CC3D1912673500DA8CD4 /* VCR.h */ = {isa = PBXFileReference; fileEncoding = 4; lastKnownFileType = sourcecode.c.h; path = VCR.h; sourceTree = "<group>"; };
		C2D0CC3E1912673500DA8CD4 /* VCR.m */ = {isa = PBXFileReference; fileEncoding = 4; lastKnownFileType = sourcecode.c.objc; path = VCR.m; sourceTree = "<group>"; };
		C2D0CC3F1912673500DA8CD4 /* VCRCassette.h */ = {isa = PBXFileReference; fileEncoding = 4; lastKnownFileType = sourcecode.c.h; path = VCRCassette.h; sourceTree = "<group>"; };
		C2D0CC401912673500DA8CD4 /* VCRCassette.m */ = {isa = PBXFileReference; fileEncoding = 4; lastKnownFileType = sourcecode.c.objc; path = VCRCassette.m; sourceTree = "<group>"; };
		C2D0CC411912673500DA8CD4 /* VCRCassette_Private.h */ = {isa = PBXFileReference; fileEncoding = 4; lastKnownFileType = sourcecode.c.h; path = VCRCassette_Private.h; sourceTree = "<group>"; };
		C2D0CC421912673500DA8CD4 /* VCRCassetteManager.h */ = {isa = PBXFileReference; fileEncoding = 4; lastKnownFileType = sourcecode.c.h; path = VCRCassetteManager.h; sourceTree = "<group>"; };
		C2D0CC431912673500DA8CD4 /* VCRCassetteManager.m */ = {isa = PBXFileReference; fileEncoding = 4; lastKnownFileType = sourcecode.c.objc; path = VCRCassetteManager.m; sourceTree = "<group>"; };
		C2D0CC441912673500DA8CD4 /* VCRErrorSerialization.h */ = {isa = PBXFileReference; fileEncoding = 4; lastKnownFileType = sourcecode.c.h; path = VCRErrorSerialization.h; sourceTree = "<group>"; };
		C2D0CC451912673500DA8CD4 /* VCRErrorSerialization.m */ = {isa = PBXFileReference; fileEncoding = 4; lastKnownFileType = sourcecode.c.objc; path = VCRErrorSerialization.m; sourceTree = "<group>"; };
		C2D0CC461912673500DA8CD4 /* VCROrderedMutableDictionary.h */ = {isa = PBXFileReference; fileEncoding = 4; lastKnownFileType = sourcecode.c.h; path = VCROrderedMutableDictionary.h; sourceTree = "<group>"; };
		C2D0CC471912673500DA8CD4 /* VCROrderedMutableDictionary.m */ = {isa = PBXFileReference; fileEncoding = 4; lastKnownFileType = sourcecode.c.objc; path = VCROrderedMutableDictionary.m; sourceTree = "<group>"; };
		C2D0CC481912673500DA8CD4 /* VCRRecording.h */ = {isa = PBXFileReference; fileEncoding = 4; lastKnownFileType = sourcecode.c.h; path = VCRRecording.h; sourceTree = "<group>"; };
		C2D0CC491912673500DA8CD4 /* VCRRecording.m */ = {isa = PBXFileReference; fileEncoding = 4; lastKnownFileType = sourcecode.c.objc; path = VCRRecording.m; sourceTree = "<group>"; };
		C2D0CC4A1912673500DA8CD4 /* VCRRecordingURLProtocol.h */ = {isa = PBXFileReference; fileEncoding = 4; lastKnownFileType = sourcecode.c.h; path = VCRRecordingURLProtocol.h; sourceTree = "<group>"; };
		C2D0CC4B1912673500DA8CD4 /* VCRRecordingURLProtocol.m */ = {isa = PBXFileReference; fileEncoding = 4; lastKnownFileType = sourcecode.c.objc; path = VCRRecordingURLProtocol.m; sourceTree = "<group>"; };
		C2D0CC4C1912673500DA8CD4 /* VCRReplayingURLProtocol.h */ = {isa = PBXFileReference; fileEncoding = 4; lastKnownFileType = sourcecode.c.h; path = VCRReplayingURLProtocol.h; sourceTree = "<group>"; };
		C2D0CC4D1912673500DA8CD4 /* VCRReplayingURLProtocol.m */ = {isa = PBXFileReference; fileEncoding = 4; lastKnownFileType = sourcecode.c.objc; path = VCRReplayingURLProtocol.m; sourceTree = "<group>"; };
		C2D0CC4E1912673500DA8CD4 /* VCRRequestKey.h */ = {isa = PBXFileReference; fileEncoding = 4; lastKnownFileType = sourcecode.c.h; path = VCRRequestKey.h; sourceTree = "<group>"; };
		C2D0CC4F1912673500DA8CD4 /* VCRRequestKey.m */ = {isa = PBXFileReference; fileEncoding = 4; lastKnownFileType = sourcecode.c.objc; path = VCRRequestKey.m; sourceTree = "<group>"; };
		C2D0CC5C19126E1200DA8CD4 /* Cassettes */ = {isa = PBXFileReference; lastKnownFileType = folder; path = Cassettes; sourceTree = "<group>"; };
		C2F0E5731944F10E00D8EBA8 /* XCDYouTubeKit.framework */ = {isa = PBXFileReference; explicitFileType = wrapper.framework; includeInIndex = 0; path = XCDYouTubeKit.framework; sourceTree = BUILT_PRODUCTS_DIR; };
		C2FB52DC1918F88C00B2CBE6 /* XCDYouTubePlayerScript.h */ = {isa = PBXFileReference; fileEncoding = 4; lastKnownFileType = sourcecode.c.h; path = XCDYouTubePlayerScript.h; sourceTree = "<group>"; };
		C2FB52DD1918F88C00B2CBE6 /* XCDYouTubePlayerScript.m */ = {isa = PBXFileReference; fileEncoding = 4; lastKnownFileType = sourcecode.c.objc; path = XCDYouTubePlayerScript.m; sourceTree = "<group>"; };
/* End PBXFileReference section */

/* Begin PBXFrameworksBuildPhase section */
		C20F579818817D5400EDBFB0 /* Frameworks */ = {
			isa = PBXFrameworksBuildPhase;
			buildActionMask = 2147483647;
			files = (
				C284FA011DA19941006C4AAE /* XCDYouTubeKit.framework in Frameworks */,
			);
			runOnlyForDeploymentPostprocessing = 0;
		};
/* End PBXFrameworksBuildPhase section */

/* Begin PBXGroup section */
		C20F57A118817D5400EDBFB0 /* XCDYouTubeKit Tests */ = {
			isa = PBXGroup;
			children = (
				C2D0CC5C19126E1200DA8CD4 /* Cassettes */,
				C2D0CC3A1912673500DA8CD4 /* VCRURLConnection */,
				C20F57A718817D5400EDBFB0 /* XCDYouTubeClientTestCase.m */,
				C224EB76191AF0570038186E /* XCDYouTubeKitTestCase.h */,
				C224EB74191AF0370038186E /* XCDYouTubeKitTestCase.m */,
				C27CF88319584F8A0063701F /* XCDYouTubeProtectedVideosTestCase.m */,
				C27CF8871958F2940063701F /* XCDYouTubeVideoOperationTestCase.m */,
				C2C3569718FD2CB400F8D744 /* XCDYouTubeVideoPlayerViewControllerTestCase.m */,
				C2D0CBAF1912334400DA8CD4 /* XCDYouTubeVideoTestCase.m */,
				C22263371B33FDE000BA6719 /* XCTestWorkarounds.m */,
			);
			path = "XCDYouTubeKit Tests";
			sourceTree = "<group>";
		};
		C2A3F2C417F4827800AC1C3B = {
			isa = PBXGroup;
			children = (
				C2A3F2D217F4827800AC1C3B /* XCDYouTubeKit */,
				C20F57A118817D5400EDBFB0 /* XCDYouTubeKit Tests */,
				C2A3F2CE17F4827800AC1C3B /* Products */,
			);
			indentWidth = 4;
			sourceTree = "<group>";
			tabWidth = 4;
			usesTabs = 1;
		};
		C2A3F2CE17F4827800AC1C3B /* Products */ = {
			isa = PBXGroup;
			children = (
				C2A3F2CD17F4827800AC1C3B /* libXCDYouTubeKit.a */,
				C2F0E5731944F10E00D8EBA8 /* XCDYouTubeKit.framework */,
				C20F579B18817D5400EDBFB0 /* XCDYouTubeKit.xctest */,
			);
			name = Products;
			sourceTree = "<group>";
		};
		C2A3F2D217F4827800AC1C3B /* XCDYouTubeKit */ = {
			isa = PBXGroup;
			children = (
				C26231A5191D74D300D23900 /* Info.plist */,
				C25308C318D7392500132734 /* XCDYouTubeClient.h */,
				C25308C418D7392500132734 /* XCDYouTubeClient.m */,
				C24C162918E4DA6E005E92E9 /* XCDYouTubeError.h */,
				C2D0CBAC19122A8F00DA8CD4 /* XCDYouTubeKit.h */,
				C257F7901C206B86006146D3 /* XCDYouTubeLogger+Private.h */,
				C2597EA41B0CD2120030E9F2 /* XCDYouTubeLogger.h */,
				C2597EA51B0CE6D70030E9F2 /* XCDYouTubeLogger.m */,
				C24C163318E9FECE005E92E9 /* XCDYouTubeOperation.h */,
				C2FB52DC1918F88C00B2CBE6 /* XCDYouTubePlayerScript.h */,
				C2FB52DD1918F88C00B2CBE6 /* XCDYouTubePlayerScript.m */,
				C26DF31518D8544D002248A9 /* XCDYouTubeVideo+Private.h */,
				C25308C618D739EB00132734 /* XCDYouTubeVideo.h */,
				C25308C718D739EB00132734 /* XCDYouTubeVideo.m */,
				C24C162C18E9A139005E92E9 /* XCDYouTubeVideoOperation.h */,
				C24C162D18E9A139005E92E9 /* XCDYouTubeVideoOperation.m */,
				C2A3F2D517F4827800AC1C3B /* XCDYouTubeVideoPlayerViewController.h */,
				C2A3F2D717F4827800AC1C3B /* XCDYouTubeVideoPlayerViewController.m */,
				C2386B1C1974036300646123 /* XCDYouTubeVideoWebpage.h */,
				C2386B1D1974036300646123 /* XCDYouTubeVideoWebpage.m */,
			);
			path = XCDYouTubeKit;
			sourceTree = "<group>";
		};
		C2D0CC3A1912673500DA8CD4 /* VCRURLConnection */ = {
			isa = PBXGroup;
			children = (
				C2D0CC3B1912673500DA8CD4 /* VCR+NSURLSessionConfiguration.h */,
				C2D0CC3C1912673500DA8CD4 /* VCR+NSURLSessionConfiguration.m */,
				C2D0CC3D1912673500DA8CD4 /* VCR.h */,
				C2D0CC3E1912673500DA8CD4 /* VCR.m */,
				C2D0CC3F1912673500DA8CD4 /* VCRCassette.h */,
				C2D0CC401912673500DA8CD4 /* VCRCassette.m */,
				C2D0CC411912673500DA8CD4 /* VCRCassette_Private.h */,
				C2D0CC421912673500DA8CD4 /* VCRCassetteManager.h */,
				C2D0CC431912673500DA8CD4 /* VCRCassetteManager.m */,
				C2D0CC441912673500DA8CD4 /* VCRErrorSerialization.h */,
				C2D0CC451912673500DA8CD4 /* VCRErrorSerialization.m */,
				C2D0CC461912673500DA8CD4 /* VCROrderedMutableDictionary.h */,
				C2D0CC471912673500DA8CD4 /* VCROrderedMutableDictionary.m */,
				C2D0CC481912673500DA8CD4 /* VCRRecording.h */,
				C2D0CC491912673500DA8CD4 /* VCRRecording.m */,
				C2D0CC4A1912673500DA8CD4 /* VCRRecordingURLProtocol.h */,
				C2D0CC4B1912673500DA8CD4 /* VCRRecordingURLProtocol.m */,
				C2D0CC4C1912673500DA8CD4 /* VCRReplayingURLProtocol.h */,
				C2D0CC4D1912673500DA8CD4 /* VCRReplayingURLProtocol.m */,
				C2D0CC4E1912673500DA8CD4 /* VCRRequestKey.h */,
				C2D0CC4F1912673500DA8CD4 /* VCRRequestKey.m */,
			);
			name = VCRURLConnection;
			path = VCRURLConnection/VCRURLConnection;
			sourceTree = "<group>";
		};
/* End PBXGroup section */

/* Begin PBXHeadersBuildPhase section */
		C2F0E5701944F10E00D8EBA8 /* Headers */ = {
			isa = PBXHeadersBuildPhase;
			buildActionMask = 2147483647;
			files = (
				C2F0E58E1944F82600D8EBA8 /* XCDYouTubeClient.h in Headers */,
				C2F0E58F1944F82600D8EBA8 /* XCDYouTubeError.h in Headers */,
				C2142F2A19644779000FA9C0 /* XCDYouTubeKit.h in Headers */,
				C257F7941C206D26006146D3 /* XCDYouTubeLogger.h in Headers */,
				C257F7911C206B8F006146D3 /* XCDYouTubeLogger+Private.h in Headers */,
				C2F0E5901944F83E00D8EBA8 /* XCDYouTubeOperation.h in Headers */,
				C2F0E5931944F84700D8EBA8 /* XCDYouTubeVideo.h in Headers */,
				C2F0E5941944F84A00D8EBA8 /* XCDYouTubeVideoOperation.h in Headers */,
				C215BEB91BE2E5B500F9783B /* XCDYouTubeVideoWebpage.h in Headers */,
				C2F0E5951944F85500D8EBA8 /* XCDYouTubeVideoPlayerViewController.h in Headers */,
				C2F0E5921944F84400D8EBA8 /* XCDYouTubeVideo+Private.h in Headers */,
				C2F0E5911944F84200D8EBA8 /* XCDYouTubePlayerScript.h in Headers */,
			);
			runOnlyForDeploymentPostprocessing = 0;
		};
/* End PBXHeadersBuildPhase section */

/* Begin PBXNativeTarget section */
		C20F579A18817D5400EDBFB0 /* XCDYouTubeKit Tests */ = {
			isa = PBXNativeTarget;
			buildConfigurationList = C20F57AE18817D5400EDBFB0 /* Build configuration list for PBXNativeTarget "XCDYouTubeKit Tests" */;
			buildPhases = (
				C20F579718817D5400EDBFB0 /* Sources */,
				C20F579818817D5400EDBFB0 /* Frameworks */,
				C20F579918817D5400EDBFB0 /* Resources */,
				C249AAA519C045C400BA17AE /* Delete *.gcda files */,
			);
			buildRules = (
			);
			dependencies = (
				C20F57AB18817D5400EDBFB0 /* PBXTargetDependency */,
			);
			name = "XCDYouTubeKit Tests";
			productName = "XCDYouTubeKit Tests";
			productReference = C20F579B18817D5400EDBFB0 /* XCDYouTubeKit.xctest */;
			productType = "com.apple.product-type.bundle.unit-test";
		};
		C2A3F2CC17F4827800AC1C3B /* XCDYouTubeKit Static Library */ = {
			isa = PBXNativeTarget;
			buildConfigurationList = C2A3F2DB17F4827800AC1C3B /* Build configuration list for PBXNativeTarget "XCDYouTubeKit Static Library" */;
			buildPhases = (
				C2A3F2CB17F4827800AC1C3B /* Copy Files */,
				C2A3F2C917F4827800AC1C3B /* Sources */,
				C222633B1B37660E00BA6719 /* Analyzer */,
				C249AAA719C0872400BA17AE /* Export Environment for XcodeCoverage */,
			);
			buildRules = (
			);
			dependencies = (
			);
			name = "XCDYouTubeKit Static Library";
			productName = XCDYouTubeKit;
			productReference = C2A3F2CD17F4827800AC1C3B /* libXCDYouTubeKit.a */;
			productType = "com.apple.product-type.library.static";
		};
		C2F0E5721944F10E00D8EBA8 /* XCDYouTubeKit Framework */ = {
			isa = PBXNativeTarget;
			buildConfigurationList = C2F0E58C1944F10E00D8EBA8 /* Build configuration list for PBXNativeTarget "XCDYouTubeKit Framework" */;
			buildPhases = (
				C2F0E56E1944F10E00D8EBA8 /* Sources */,
				C2F0E5701944F10E00D8EBA8 /* Headers */,
				C2F0E5711944F10E00D8EBA8 /* Resources */,
				C23803F31B3847C60022F240 /* Analyzer */,
			);
			buildRules = (
			);
			dependencies = (
			);
			name = "XCDYouTubeKit Framework";
			productName = XCDYouTubeKit;
			productReference = C2F0E5731944F10E00D8EBA8 /* XCDYouTubeKit.framework */;
			productType = "com.apple.product-type.framework";
		};
/* End PBXNativeTarget section */

/* Begin PBXProject section */
		C2A3F2C517F4827800AC1C3B /* Project object */ = {
			isa = PBXProject;
			attributes = {
				CLASSPREFIX = XCD;
				LastUpgradeCheck = 0820;
				ORGANIZATIONNAME = "Cédric Luthi";
				TargetAttributes = {
					C20F579A18817D5400EDBFB0 = {
						TestTargetID = C2A3F2CC17F4827800AC1C3B;
					};
					C2F0E5721944F10E00D8EBA8 = {
						CreatedOnToolsVersion = 6.0;
					};
				};
			};
			buildConfigurationList = C2A3F2C817F4827800AC1C3B /* Build configuration list for PBXProject "XCDYouTubeKit" */;
			compatibilityVersion = "Xcode 3.2";
			developmentRegion = English;
			hasScannedForEncodings = 0;
			knownRegions = (
				en,
			);
			mainGroup = C2A3F2C417F4827800AC1C3B;
			productRefGroup = C2A3F2CE17F4827800AC1C3B /* Products */;
			projectDirPath = "";
			projectRoot = "";
			targets = (
				C2A3F2CC17F4827800AC1C3B /* XCDYouTubeKit Static Library */,
				C2F0E5721944F10E00D8EBA8 /* XCDYouTubeKit Framework */,
				C20F579A18817D5400EDBFB0 /* XCDYouTubeKit Tests */,
			);
		};
/* End PBXProject section */

/* Begin PBXResourcesBuildPhase section */
		C20F579918817D5400EDBFB0 /* Resources */ = {
			isa = PBXResourcesBuildPhase;
			buildActionMask = 2147483647;
			files = (
				C2D0CC5D19126E1200DA8CD4 /* Cassettes in Resources */,
			);
			runOnlyForDeploymentPostprocessing = 0;
		};
		C2F0E5711944F10E00D8EBA8 /* Resources */ = {
			isa = PBXResourcesBuildPhase;
			buildActionMask = 2147483647;
			files = (
			);
			runOnlyForDeploymentPostprocessing = 0;
		};
/* End PBXResourcesBuildPhase section */

/* Begin PBXShellScriptBuildPhase section */
		C222633B1B37660E00BA6719 /* Analyzer */ = {
			isa = PBXShellScriptBuildPhase;
			buildActionMask = 2147483647;
			files = (
			);
			inputPaths = (
			);
			name = Analyzer;
			outputPaths = (
			);
			runOnlyForDeploymentPostprocessing = 0;
			shellPath = /bin/sh;
			shellScript = Scripts/analyzer.py;
		};
		C23803F31B3847C60022F240 /* Analyzer */ = {
			isa = PBXShellScriptBuildPhase;
			buildActionMask = 2147483647;
			files = (
			);
			inputPaths = (
			);
			name = Analyzer;
			outputPaths = (
			);
			runOnlyForDeploymentPostprocessing = 0;
			shellPath = /bin/sh;
			shellScript = Scripts/analyzer.py;
		};
		C249AAA519C045C400BA17AE /* Delete *.gcda files */ = {
			isa = PBXShellScriptBuildPhase;
			buildActionMask = 2147483647;
			files = (
			);
			inputPaths = (
			);
			name = "Delete *.gcda files";
			outputPaths = (
			);
			runOnlyForDeploymentPostprocessing = 0;
			shellPath = /bin/sh;
			shellScript = "find \"${CONFIGURATION_TEMP_DIR}\" -name \"*.gcda\" -delete";
		};
		C249AAA719C0872400BA17AE /* Export Environment for XcodeCoverage */ = {
			isa = PBXShellScriptBuildPhase;
			buildActionMask = 2147483647;
			files = (
			);
			inputPaths = (
			);
			name = "Export Environment for XcodeCoverage";
			outputPaths = (
			);
			runOnlyForDeploymentPostprocessing = 0;
			shellPath = /bin/sh;
			shellScript = "find -L . -name exportenv.sh -exec {} \\;";
		};
/* End PBXShellScriptBuildPhase section */

/* Begin PBXSourcesBuildPhase section */
		C20F579718817D5400EDBFB0 /* Sources */ = {
			isa = PBXSourcesBuildPhase;
			buildActionMask = 2147483647;
			files = (
				C22263381B33FDE000BA6719 /* XCTestWorkarounds.m in Sources */,
				C2D0CC501912673500DA8CD4 /* VCR+NSURLSessionConfiguration.m in Sources */,
				C2D0CC511912673500DA8CD4 /* VCR.m in Sources */,
				C2D0CC521912673500DA8CD4 /* VCRCassette.m in Sources */,
				C2D0CC531912673500DA8CD4 /* VCRCassetteManager.m in Sources */,
				C2D0CC541912673500DA8CD4 /* VCRErrorSerialization.m in Sources */,
				C2D0CC551912673500DA8CD4 /* VCROrderedMutableDictionary.m in Sources */,
				C2D0CC561912673500DA8CD4 /* VCRRecording.m in Sources */,
				C2D0CC571912673500DA8CD4 /* VCRRecordingURLProtocol.m in Sources */,
				C2D0CC581912673500DA8CD4 /* VCRReplayingURLProtocol.m in Sources */,
				C27CF88419584F8A0063701F /* XCDYouTubeProtectedVideosTestCase.m in Sources */,
				C2D0CC591912673500DA8CD4 /* VCRRequestKey.m in Sources */,
				C20F57A818817D5400EDBFB0 /* XCDYouTubeClientTestCase.m in Sources */,
				C224EB75191AF0370038186E /* XCDYouTubeKitTestCase.m in Sources */,
				C2C3569818FD2CB400F8D744 /* XCDYouTubeVideoPlayerViewControllerTestCase.m in Sources */,
				C27CF8881958F2940063701F /* XCDYouTubeVideoOperationTestCase.m in Sources */,
				C2D0CBB01912334400DA8CD4 /* XCDYouTubeVideoTestCase.m in Sources */,
			);
			runOnlyForDeploymentPostprocessing = 0;
		};
		C2A3F2C917F4827800AC1C3B /* Sources */ = {
			isa = PBXSourcesBuildPhase;
			buildActionMask = 2147483647;
			files = (
				C25308C518D7392500132734 /* XCDYouTubeClient.m in Sources */,
				C24C162E18E9A139005E92E9 /* XCDYouTubeVideoOperation.m in Sources */,
				C25308C818D739EB00132734 /* XCDYouTubeVideo.m in Sources */,
				C2597EA61B0CE6D80030E9F2 /* XCDYouTubeLogger.m in Sources */,
				C2FB52DE1918F88C00B2CBE6 /* XCDYouTubePlayerScript.m in Sources */,
				C2A3F2D817F4827800AC1C3B /* XCDYouTubeVideoPlayerViewController.m in Sources */,
				C2386B1F1974036300646123 /* XCDYouTubeVideoWebpage.m in Sources */,
			);
			runOnlyForDeploymentPostprocessing = 0;
		};
		C2F0E56E1944F10E00D8EBA8 /* Sources */ = {
			isa = PBXSourcesBuildPhase;
			buildActionMask = 2147483647;
			files = (
				C2F0E59C1944F8CF00D8EBA8 /* XCDYouTubeVideoOperation.m in Sources */,
				C2F0E5991944F8C200D8EBA8 /* XCDYouTubeClient.m in Sources */,
				C2F0E59A1944F8C700D8EBA8 /* XCDYouTubePlayerScript.m in Sources */,
				C2597EA71B0CE6D80030E9F2 /* XCDYouTubeLogger.m in Sources */,
				C2F0E59B1944F8CA00D8EBA8 /* XCDYouTubeVideo.m in Sources */,
				C2F0E59D1944F8D600D8EBA8 /* XCDYouTubeVideoPlayerViewController.m in Sources */,
				C29951B5197DBD85001718A8 /* XCDYouTubeVideoWebpage.m in Sources */,
			);
			runOnlyForDeploymentPostprocessing = 0;
		};
/* End PBXSourcesBuildPhase section */

/* Begin PBXTargetDependency section */
		C20F57AB18817D5400EDBFB0 /* PBXTargetDependency */ = {
			isa = PBXTargetDependency;
			target = C2A3F2CC17F4827800AC1C3B /* XCDYouTubeKit Static Library */;
			targetProxy = C20F57AA18817D5400EDBFB0 /* PBXContainerItemProxy */;
		};
/* End PBXTargetDependency section */

/* Begin XCBuildConfiguration section */
		C20F57AC18817D5400EDBFB0 /* Debug */ = {
			isa = XCBuildConfiguration;
			buildSettings = {
				"EXCLUDED_SOURCE_FILE_NAMES[sdk=appletv*]" = XCDYouTubeVideoPlayerViewControllerTestCase.m;
				"EXCLUDED_SOURCE_FILE_NAMES[sdk=macosx*]" = XCDYouTubeVideoPlayerViewControllerTestCase.m;
				HEADER_SEARCH_PATHS = (
					"$(inherited)",
					"$(BUILT_PRODUCTS_DIR)/include",
				);
				INFOPLIST_FILE = "";
				IPHONEOS_DEPLOYMENT_TARGET = 8.0;
				OTHER_LDFLAGS = (
					"-framework",
					MobileCoreServices,
					"-framework",
					MediaPlayer,
					"-framework",
					UIKit,
				);
				"OTHER_LDFLAGS[sdk=macosx*]" = (
					"-framework",
					CoreServices,
				);
				WARNING_CFLAGS = (
					"$(inherited)",
					"-Wno-documentation-unknown-command",
					"-Wno-nullable-to-nonnull-conversion",
					"-Wno-reserved-id-macro",
				);
			};
			name = Debug;
		};
		C20F57AD18817D5400EDBFB0 /* Release */ = {
			isa = XCBuildConfiguration;
			buildSettings = {
				"EXCLUDED_SOURCE_FILE_NAMES[sdk=appletv*]" = XCDYouTubeVideoPlayerViewControllerTestCase.m;
				"EXCLUDED_SOURCE_FILE_NAMES[sdk=macosx*]" = XCDYouTubeVideoPlayerViewControllerTestCase.m;
				HEADER_SEARCH_PATHS = (
					"$(inherited)",
					"$(BUILT_PRODUCTS_DIR)/include",
				);
				INFOPLIST_FILE = "";
				IPHONEOS_DEPLOYMENT_TARGET = 8.0;
				OTHER_LDFLAGS = (
					"-framework",
					MobileCoreServices,
					"-framework",
					MediaPlayer,
					"-framework",
					UIKit,
				);
				"OTHER_LDFLAGS[sdk=macosx*]" = (
					"-framework",
					CoreServices,
				);
				WARNING_CFLAGS = (
					"$(inherited)",
					"-Wno-documentation-unknown-command",
					"-Wno-nullable-to-nonnull-conversion",
					"-Wno-reserved-id-macro",
				);
			};
			name = Release;
		};
		C2A3F2D917F4827800AC1C3B /* Debug */ = {
			isa = XCBuildConfiguration;
			buildSettings = {
				ALWAYS_SEARCH_USER_PATHS = NO;
				CLANG_ENABLE_OBJC_ARC = YES;
				CLANG_WARN_BOOL_CONVERSION = YES;
				CLANG_WARN_CONSTANT_CONVERSION = YES;
				CLANG_WARN_EMPTY_BODY = YES;
				CLANG_WARN_ENUM_CONVERSION = YES;
				CLANG_WARN_IMPLICIT_SIGN_CONVERSION = YES;
				CLANG_WARN_INFINITE_RECURSION = YES;
				CLANG_WARN_INT_CONVERSION = YES;
				CLANG_WARN_SUSPICIOUS_IMPLICIT_CONVERSION = YES;
				CLANG_WARN_SUSPICIOUS_MOVE = YES;
				CLANG_WARN_UNREACHABLE_CODE = YES;
				CLANG_WARN__DUPLICATE_METHOD_MATCH = YES;
				COMBINE_HIDPI_IMAGES = YES;
				COPY_PHASE_STRIP = NO;
				CURRENT_PROJECT_VERSION = 28;
				DEFINES_MODULE = YES;
				DYLIB_COMPATIBILITY_VERSION = 2.0.0;
				DYLIB_CURRENT_VERSION = 2.5.6;
				DYLIB_INSTALL_NAME_BASE = "@rpath";
				ENABLE_STRICT_OBJC_MSGSEND = YES;
				ENABLE_TESTABILITY = YES;
				"EXCLUDED_SOURCE_FILE_NAMES[sdk=appletv*]" = (
					XCDYouTubeVideoPlayerViewController.m,
					XCDYouTubeVideoPlayerViewController.h,
				);
				"EXCLUDED_SOURCE_FILE_NAMES[sdk=macosx*]" = (
					XCDYouTubeVideoPlayerViewController.m,
					XCDYouTubeVideoPlayerViewController.h,
				);
				GCC_C_LANGUAGE_STANDARD = gnu99;
				GCC_NO_COMMON_BLOCKS = YES;
				GCC_OPTIMIZATION_LEVEL = 0;
				GCC_PREPROCESSOR_DEFINITIONS = (
					"DEBUG=1",
					"$(inherited)",
				);
				GCC_TREAT_WARNINGS_AS_ERRORS = YES;
				GCC_WARN_64_TO_32_BIT_CONVERSION = YES;
				GCC_WARN_ABOUT_MISSING_FIELD_INITIALIZERS = YES;
				GCC_WARN_ABOUT_MISSING_NEWLINE = YES;
				GCC_WARN_ABOUT_MISSING_PROTOTYPES = YES;
				GCC_WARN_ABOUT_RETURN_TYPE = YES;
				GCC_WARN_INITIALIZER_NOT_FULLY_BRACKETED = YES;
				GCC_WARN_SHADOW = YES;
				GCC_WARN_SIGN_COMPARE = YES;
				GCC_WARN_UNDECLARED_SELECTOR = YES;
				GCC_WARN_UNINITIALIZED_AUTOS = YES_AGGRESSIVE;
				GCC_WARN_UNKNOWN_PRAGMAS = YES;
				GCC_WARN_UNUSED_FUNCTION = YES;
				GCC_WARN_UNUSED_LABEL = YES;
				GCC_WARN_UNUSED_VARIABLE = YES;
				INFOPLIST_FILE = XCDYouTubeKit/Info.plist;
				IPHONEOS_DEPLOYMENT_TARGET = 8.0;
				MACOSX_DEPLOYMENT_TARGET = 10.9;
				ONLY_ACTIVE_ARCH = YES;
				PRODUCT_BUNDLE_IDENTIFIER = ch.pitaya.xcdyoutubekit;
				PRODUCT_NAME = XCDYouTubeKit;
				SKIP_INSTALL = YES;
				SUPPORTED_PLATFORMS = "macosx iphoneos iphonesimulator appletvos appletvsimulator";
				TARGETED_DEVICE_FAMILY = "1,2,3";
				TVOS_DEPLOYMENT_TARGET = 9.0;
				VERSIONING_SYSTEM = "Semantic Versioning";
				WARNING_CFLAGS = (
					"-Weverything",
					"-Wno-unknown-warning-option",
					"-Wno-gnu",
					"-Wno-objc-missing-property-synthesis",
					"-Wno-pedantic",
					"-Wno-unused-parameter",
					"-Wno-partial-availability",
				);
			};
			name = Debug;
		};
		C2A3F2DA17F4827800AC1C3B /* Release */ = {
			isa = XCBuildConfiguration;
			buildSettings = {
				ALWAYS_SEARCH_USER_PATHS = NO;
				CLANG_ENABLE_OBJC_ARC = YES;
				CLANG_WARN_BOOL_CONVERSION = YES;
				CLANG_WARN_CONSTANT_CONVERSION = YES;
				CLANG_WARN_EMPTY_BODY = YES;
				CLANG_WARN_ENUM_CONVERSION = YES;
				CLANG_WARN_IMPLICIT_SIGN_CONVERSION = YES;
				CLANG_WARN_INFINITE_RECURSION = YES;
				CLANG_WARN_INT_CONVERSION = YES;
				CLANG_WARN_SUSPICIOUS_IMPLICIT_CONVERSION = YES;
				CLANG_WARN_SUSPICIOUS_MOVE = YES;
				CLANG_WARN_UNREACHABLE_CODE = YES;
				CLANG_WARN__DUPLICATE_METHOD_MATCH = YES;
				COMBINE_HIDPI_IMAGES = YES;
				COPY_PHASE_STRIP = YES;
				CURRENT_PROJECT_VERSION = 28;
				DEFINES_MODULE = YES;
				DYLIB_COMPATIBILITY_VERSION = 2.0.0;
				DYLIB_CURRENT_VERSION = 2.5.6;
				DYLIB_INSTALL_NAME_BASE = "@rpath";
				ENABLE_NS_ASSERTIONS = NO;
				ENABLE_STRICT_OBJC_MSGSEND = YES;
				"EXCLUDED_SOURCE_FILE_NAMES[sdk=appletv*]" = (
					XCDYouTubeVideoPlayerViewController.m,
					XCDYouTubeVideoPlayerViewController.h,
				);
				"EXCLUDED_SOURCE_FILE_NAMES[sdk=macosx*]" = (
					XCDYouTubeVideoPlayerViewController.m,
					XCDYouTubeVideoPlayerViewController.h,
				);
				GCC_C_LANGUAGE_STANDARD = gnu99;
				GCC_NO_COMMON_BLOCKS = YES;
				GCC_TREAT_WARNINGS_AS_ERRORS = YES;
				GCC_WARN_64_TO_32_BIT_CONVERSION = YES;
				GCC_WARN_ABOUT_MISSING_FIELD_INITIALIZERS = YES;
				GCC_WARN_ABOUT_MISSING_NEWLINE = YES;
				GCC_WARN_ABOUT_MISSING_PROTOTYPES = YES;
				GCC_WARN_ABOUT_RETURN_TYPE = YES;
				GCC_WARN_INITIALIZER_NOT_FULLY_BRACKETED = YES;
				GCC_WARN_SHADOW = YES;
				GCC_WARN_SIGN_COMPARE = YES;
				GCC_WARN_UNDECLARED_SELECTOR = YES;
				GCC_WARN_UNINITIALIZED_AUTOS = YES_AGGRESSIVE;
				GCC_WARN_UNKNOWN_PRAGMAS = YES;
				GCC_WARN_UNUSED_FUNCTION = YES;
				GCC_WARN_UNUSED_LABEL = YES;
				GCC_WARN_UNUSED_VARIABLE = YES;
				INFOPLIST_FILE = XCDYouTubeKit/Info.plist;
				IPHONEOS_DEPLOYMENT_TARGET = 8.0;
				MACOSX_DEPLOYMENT_TARGET = 10.9;
				PRODUCT_BUNDLE_IDENTIFIER = ch.pitaya.xcdyoutubekit;
				PRODUCT_NAME = XCDYouTubeKit;
				SKIP_INSTALL = YES;
				SUPPORTED_PLATFORMS = "macosx iphoneos iphonesimulator appletvos appletvsimulator";
				TARGETED_DEVICE_FAMILY = "1,2,3";
				TVOS_DEPLOYMENT_TARGET = 9.0;
				VALIDATE_PRODUCT = YES;
				VERSIONING_SYSTEM = "Semantic Versioning";
				WARNING_CFLAGS = (
					"-Weverything",
					"-Wno-unknown-warning-option",
					"-Wno-gnu",
					"-Wno-objc-missing-property-synthesis",
					"-Wno-pedantic",
					"-Wno-unused-parameter",
					"-Wno-partial-availability",
				);
			};
			name = Release;
		};
		C2A3F2DC17F4827800AC1C3B /* Debug */ = {
			isa = XCBuildConfiguration;
			buildSettings = {
			};
			name = Debug;
		};
		C2A3F2DD17F4827800AC1C3B /* Release */ = {
			isa = XCBuildConfiguration;
			buildSettings = {
			};
			name = Release;
		};
		C2F0E5861944F10E00D8EBA8 /* Debug */ = {
			isa = XCBuildConfiguration;
			buildSettings = {
				CLANG_ENABLE_MODULES = YES;
				CODE_SIGN_IDENTITY = "iPhone Developer";
				"CODE_SIGN_IDENTITY[sdk=macosx*]" = "";
				IPHONEOS_DEPLOYMENT_TARGET = 8.0;
				WARNING_CFLAGS = (
					"$(inherited)",
					"-Wno-auto-import",
				);
			};
			name = Debug;
		};
		C2F0E5881944F10E00D8EBA8 /* Release */ = {
			isa = XCBuildConfiguration;
			buildSettings = {
				CLANG_ENABLE_MODULES = YES;
				CODE_SIGN_IDENTITY = "iPhone Developer";
				"CODE_SIGN_IDENTITY[sdk=macosx*]" = "";
				IPHONEOS_DEPLOYMENT_TARGET = 8.0;
				WARNING_CFLAGS = (
					"$(inherited)",
					"-Wno-auto-import",
				);
			};
			name = Release;
		};
/* End XCBuildConfiguration section */

/* Begin XCConfigurationList section */
		C20F57AE18817D5400EDBFB0 /* Build configuration list for PBXNativeTarget "XCDYouTubeKit Tests" */ = {
			isa = XCConfigurationList;
			buildConfigurations = (
				C20F57AC18817D5400EDBFB0 /* Debug */,
				C20F57AD18817D5400EDBFB0 /* Release */,
			);
			defaultConfigurationIsVisible = 0;
			defaultConfigurationName = Release;
		};
		C2A3F2C817F4827800AC1C3B /* Build configuration list for PBXProject "XCDYouTubeKit" */ = {
			isa = XCConfigurationList;
			buildConfigurations = (
				C2A3F2D917F4827800AC1C3B /* Debug */,
				C2A3F2DA17F4827800AC1C3B /* Release */,
			);
			defaultConfigurationIsVisible = 0;
			defaultConfigurationName = Release;
		};
		C2A3F2DB17F4827800AC1C3B /* Build configuration list for PBXNativeTarget "XCDYouTubeKit Static Library" */ = {
			isa = XCConfigurationList;
			buildConfigurations = (
				C2A3F2DC17F4827800AC1C3B /* Debug */,
				C2A3F2DD17F4827800AC1C3B /* Release */,
			);
			defaultConfigurationIsVisible = 0;
			defaultConfigurationName = Release;
		};
		C2F0E58C1944F10E00D8EBA8 /* Build configuration list for PBXNativeTarget "XCDYouTubeKit Framework" */ = {
			isa = XCConfigurationList;
			buildConfigurations = (
				C2F0E5861944F10E00D8EBA8 /* Debug */,
				C2F0E5881944F10E00D8EBA8 /* Release */,
			);
			defaultConfigurationIsVisible = 0;
			defaultConfigurationName = Release;
		};
/* End XCConfigurationList section */
	};
	rootObject = C2A3F2C517F4827800AC1C3B /* Project object */;
}
