PODS:
  - CocoaLumberjack (2.0.1):
    - CocoaLumberjack/Default (= 2.0.1)
    - CocoaLumberjack/Extensions (= 2.0.1)
  - CocoaLumberjack/Core (2.0.1)
  - CocoaLumberjack/Default (2.0.1):
    - CocoaLumberjack/Core
  - CocoaLumberjack/Extensions (2.0.1):
    - CocoaLumberjack/Default
  - NSLogger (1.5.1):
    - NSLogger/Standard (= 1.5.1)
  - NSLogger/Standard (1.5.1)
  - XCDLumberjackNSLogger (1.0.1):
    - CocoaLumberjack (~> 2.0.0)
    - NSLogger (~> 1.5.1)

DEPENDENCIES:
  - XCDLumberjackNSLogger (~> 1.0.0)

SPEC CHECKSUMS:
  CocoaLumberjack: 019d1361244274a6138c788c6cb80baabc13fb8f
  NSLogger: 5ed223a2436df96244e033be750656dacdeec034
  XCDLumberjackNSLogger: 867392d7b40490e1b15aac9c1acee0952bf33d61

COCOAPODS: 0.38.2
