PODS:
  - CocoaLumberjack (2.0.1):
    - CocoaLumberjack/Default (= 2.0.1)
    - CocoaLumberjack/Extensions (= 2.0.1)
  - CocoaLumberjack/Core (2.0.1)
  - CocoaLumberjack/Default (2.0.1):
    - CocoaLumberjack/Core
  - CocoaLumberjack/Extensions (2.0.1):
    - CocoaLumberjack/Default
  - GoogleAPIClient/Core (1.0.2):
    - GTMSessionFetcher (~> 1.1)
  - GoogleAPIClient/YouTube (1.0.2):
    - GoogleAPIClient/Core
    - GTMSessionFetcher (~> 1.1)
  - GTMSessionFetcher (1.1.1):
    - GTMSessionFetcher/Full (= 1.1.1)
  - GTMSessionFetcher/Core (1.1.1)
  - GTMSessionFetcher/Full (1.1.1):
    - GTMSessionFetcher/Core (= 1.1.1)
  - NSLogger (1.5.1):
    - NSLogger/Standard (= 1.5.1)
  - NSLogger/Standard (1.5.1)
  - XCDLumberjackNSLogger (1.0.1):
    - CocoaLumberjack (~> 2.0.0)
    - NSLogger (~> 1.5.1)

DEPENDENCIES:
  - GoogleAPIClient/YouTube (~> 1.0)
  - XCDLumberjackNSLogger (~> 1.0.0)

SPEC CHECKSUMS:
  CocoaLumberjack: 019d1361244274a6138c788c6cb80baabc13fb8f
  GoogleAPIClient: 712000bb597c05f3a7664cd786c5cf7c569a6452
  GTMSessionFetcher: 2704a6e2811e3344ba9dc3314cae0d26850f73c5
  NSLogger: 5ed223a2436df96244e033be750656dacdeec034
  XCDLumberjackNSLogger: 867392d7b40490e1b15aac9c1acee0952bf33d61

PODFILE CHECKSUM: 9f4b084a2d9b0c007bc4e320634f11e62222d56d

COCOAPODS: 1.0.0.beta.7
