PODS:
  - CocoaLumberjack (2.0.0):
    - CocoaLumberjack/Default (= 2.0.0)
    - CocoaLumberjack/Extensions (= 2.0.0)
  - CocoaLumberjack/Core (2.0.0)
  - CocoaLumberjack/Default (2.0.0):
    - CocoaLumberjack/Core
  - CocoaLumberjack/Extensions (2.0.0):
    - CocoaLumberjack/Default

DEPENDENCIES:
  - CocoaLumberjack (~> 2.0.0)

SPEC CHECKSUMS:
  CocoaLumberjack: a6f77d987d65dc7ba86b0f84db7d0b9084f77bcb

COCOAPODS: 0.37.1
