// !$*UTF8*$!
{
	archiveVersion = 1;
	classes = {
	};
	objectVersion = 46;
	objects = {

/* Begin PBXBuildFile section */
		7A077C8218A230BD00B9EBA8 /* XCDYouTubeExtractor.m in Sources */ = {isa = PBXBuildFile; fileRef = 7A077C8118A230BD00B9EBA8 /* XCDYouTubeExtractor.m */; };
		7A077C8518A2396A00B9EBA8 /* XCDYouTubeConstants.m in Sources */ = {isa = PBXBuildFile; fileRef = 7A077C8418A236B500B9EBA8 /* XCDYouTubeConstants.m */; };
		7A077C8618A23D3C00B9EBA8 /* XCDYouTubeConstants.h in Copy Files */ = {isa = PBXBuildFile; fileRef = 7A077C8318A232FB00B9EBA8 /* XCDYouTubeConstants.h */; };
		7A077C8718A23D4200B9EBA8 /* XCDYouTubeExtractor.h in Copy Files */ = {isa = PBXBuildFile; fileRef = 7A077C8018A230BD00B9EBA8 /* XCDYouTubeExtractor.h */; };
		C274158D17F48B100026834B /* AVFoundation.framework in Frameworks */ = {isa = PBXBuildFile; fileRef = C274158717F48AD10026834B /* AVFoundation.framework */; };
		C274158E17F48B100026834B /* MediaPlayer.framework in Frameworks */ = {isa = PBXBuildFile; fileRef = C274158817F48AD10026834B /* MediaPlayer.framework */; };
		C274158F17F48B100026834B /* UIKit.framework in Frameworks */ = {isa = PBXBuildFile; fileRef = C274158917F48AD10026834B /* UIKit.framework */; };
		C2A3F2D617F4827800AC1C3B /* XCDYouTubeVideoPlayerViewController.h in Copy Files */ = {isa = PBXBuildFile; fileRef = C2A3F2D517F4827800AC1C3B /* XCDYouTubeVideoPlayerViewController.h */; };
		C2A3F2D817F4827800AC1C3B /* XCDYouTubeVideoPlayerViewController.m in Sources */ = {isa = PBXBuildFile; fileRef = C2A3F2D717F4827800AC1C3B /* XCDYouTubeVideoPlayerViewController.m */; };
/* End PBXBuildFile section */

/* Begin PBXCopyFilesBuildPhase section */
		C2A3F2CB17F4827800AC1C3B /* Copy Files */ = {
			isa = PBXCopyFilesBuildPhase;
			buildActionMask = 12;
			dstPath = "include/${PRODUCT_NAME}";
			dstSubfolderSpec = 16;
			files = (
				7A077C8718A23D4200B9EBA8 /* XCDYouTubeExtractor.h in Copy Files */,
				7A077C8618A23D3C00B9EBA8 /* XCDYouTubeConstants.h in Copy Files */,
				C2A3F2D617F4827800AC1C3B /* XCDYouTubeVideoPlayerViewController.h in Copy Files */,
			);
			name = "Copy Files";
			runOnlyForDeploymentPostprocessing = 0;
		};
/* End PBXCopyFilesBuildPhase section */

/* Begin PBXFileReference section */
		7A077C8018A230BD00B9EBA8 /* XCDYouTubeExtractor.h */ = {isa = PBXFileReference; fileEncoding = 4; lastKnownFileType = sourcecode.c.h; path = XCDYouTubeExtractor.h; sourceTree = "<group>"; };
		7A077C8118A230BD00B9EBA8 /* XCDYouTubeExtractor.m */ = {isa = PBXFileReference; fileEncoding = 4; lastKnownFileType = sourcecode.c.objc; path = XCDYouTubeExtractor.m; sourceTree = "<group>"; };
		7A077C8318A232FB00B9EBA8 /* XCDYouTubeConstants.h */ = {isa = PBXFileReference; lastKnownFileType = sourcecode.c.h; path = XCDYouTubeConstants.h; sourceTree = "<group>"; };
		7A077C8418A236B500B9EBA8 /* XCDYouTubeConstants.m */ = {isa = PBXFileReference; lastKnownFileType = sourcecode.c.objc; path = XCDYouTubeConstants.m; sourceTree = "<group>"; };
		C274158717F48AD10026834B /* AVFoundation.framework */ = {isa = PBXFileReference; lastKnownFileType = wrapper.framework; name = AVFoundation.framework; path = System/Library/Frameworks/AVFoundation.framework; sourceTree = SDKROOT; };
		C274158817F48AD10026834B /* MediaPlayer.framework */ = {isa = PBXFileReference; lastKnownFileType = wrapper.framework; name = MediaPlayer.framework; path = System/Library/Frameworks/MediaPlayer.framework; sourceTree = SDKROOT; };
		C274158917F48AD10026834B /* UIKit.framework */ = {isa = PBXFileReference; lastKnownFileType = wrapper.framework; name = UIKit.framework; path = System/Library/Frameworks/UIKit.framework; sourceTree = SDKROOT; };
		C2A3F2CD17F4827800AC1C3B /* libXCDYouTubeVideoPlayerViewController.a */ = {isa = PBXFileReference; explicitFileType = archive.ar; includeInIndex = 0; path = libXCDYouTubeVideoPlayerViewController.a; sourceTree = BUILT_PRODUCTS_DIR; };
		C2A3F2D517F4827800AC1C3B /* XCDYouTubeVideoPlayerViewController.h */ = {isa = PBXFileReference; lastKnownFileType = sourcecode.c.h; path = XCDYouTubeVideoPlayerViewController.h; sourceTree = "<group>"; };
		C2A3F2D717F4827800AC1C3B /* XCDYouTubeVideoPlayerViewController.m */ = {isa = PBXFileReference; lastKnownFileType = sourcecode.c.objc; path = XCDYouTubeVideoPlayerViewController.m; sourceTree = "<group>"; };
/* End PBXFileReference section */

/* Begin PBXFrameworksBuildPhase section */
		C2A3F2CA17F4827800AC1C3B /* Frameworks */ = {
			isa = PBXFrameworksBuildPhase;
			buildActionMask = 2147483647;
			files = (
				C274158D17F48B100026834B /* AVFoundation.framework in Frameworks */,
				C274158E17F48B100026834B /* MediaPlayer.framework in Frameworks */,
				C274158F17F48B100026834B /* UIKit.framework in Frameworks */,
			);
			runOnlyForDeploymentPostprocessing = 0;
		};
/* End PBXFrameworksBuildPhase section */

/* Begin PBXGroup section */
		C2A3F2C417F4827800AC1C3B = {
			isa = PBXGroup;
			children = (
				C2A3F2D217F4827800AC1C3B /* XCDYouTubeVideoPlayerViewController */,
				C2A3F2CF17F4827800AC1C3B /* Frameworks */,
				C2A3F2CE17F4827800AC1C3B /* Products */,
			);
			sourceTree = "<group>";
		};
		C2A3F2CE17F4827800AC1C3B /* Products */ = {
			isa = PBXGroup;
			children = (
				C2A3F2CD17F4827800AC1C3B /* libXCDYouTubeVideoPlayerViewController.a */,
			);
			name = Products;
			sourceTree = "<group>";
		};
		C2A3F2CF17F4827800AC1C3B /* Frameworks */ = {
			isa = PBXGroup;
			children = (
				C274158717F48AD10026834B /* AVFoundation.framework */,
				C274158817F48AD10026834B /* MediaPlayer.framework */,
				C274158917F48AD10026834B /* UIKit.framework */,
			);
			name = Frameworks;
			sourceTree = "<group>";
		};
		C2A3F2D217F4827800AC1C3B /* XCDYouTubeVideoPlayerViewController */ = {
			isa = PBXGroup;
			children = (
				7A077C8318A232FB00B9EBA8 /* XCDYouTubeConstants.h */,
				7A077C8418A236B500B9EBA8 /* XCDYouTubeConstants.m */,
				C2A3F2D517F4827800AC1C3B /* XCDYouTubeVideoPlayerViewController.h */,
				C2A3F2D717F4827800AC1C3B /* XCDYouTubeVideoPlayerViewController.m */,
				7A077C8018A230BD00B9EBA8 /* XCDYouTubeExtractor.h */,
				7A077C8118A230BD00B9EBA8 /* XCDYouTubeExtractor.m */,
			);
			path = XCDYouTubeVideoPlayerViewController;
			sourceTree = "<group>";
		};
/* End PBXGroup section */

/* Begin PBXNativeTarget section */
		C2A3F2CC17F4827800AC1C3B /* XCDYouTubeVideoPlayerViewController */ = {
			isa = PBXNativeTarget;
			buildConfigurationList = C2A3F2DB17F4827800AC1C3B /* Build configuration list for PBXNativeTarget "XCDYouTubeVideoPlayerViewController" */;
			buildPhases = (
				C2A3F2C917F4827800AC1C3B /* Sources */,
				C2A3F2CA17F4827800AC1C3B /* Frameworks */,
				C2A3F2CB17F4827800AC1C3B /* Copy Files */,
			);
			buildRules = (
			);
			dependencies = (
			);
			name = XCDYouTubeVideoPlayerViewController;
			productName = XCDYouTubeVideoPlayerViewController;
			productReference = C2A3F2CD17F4827800AC1C3B /* libXCDYouTubeVideoPlayerViewController.a */;
			productType = "com.apple.product-type.library.static";
		};
/* End PBXNativeTarget section */

/* Begin PBXProject section */
		C2A3F2C517F4827800AC1C3B /* Project object */ = {
			isa = PBXProject;
			attributes = {
				LastUpgradeCheck = 0460;
				ORGANIZATIONNAME = "Cédric Luthi";
			};
			buildConfigurationList = C2A3F2C817F4827800AC1C3B /* Build configuration list for PBXProject "XCDYouTubeVideoPlayerViewController" */;
			compatibilityVersion = "Xcode 3.2";
			developmentRegion = English;
			hasScannedForEncodings = 0;
			knownRegions = (
				en,
			);
			mainGroup = C2A3F2C417F4827800AC1C3B;
			productRefGroup = C2A3F2CE17F4827800AC1C3B /* Products */;
			projectDirPath = "";
			projectRoot = "";
			targets = (
				C2A3F2CC17F4827800AC1C3B /* XCDYouTubeVideoPlayerViewController */,
			);
		};
/* End PBXProject section */

/* Begin PBXSourcesBuildPhase section */
		C2A3F2C917F4827800AC1C3B /* Sources */ = {
			isa = PBXSourcesBuildPhase;
			buildActionMask = 2147483647;
			files = (
				7A077C8518A2396A00B9EBA8 /* XCDYouTubeConstants.m in Sources */,
				7A077C8218A230BD00B9EBA8 /* XCDYouTubeExtractor.m in Sources */,
				C2A3F2D817F4827800AC1C3B /* XCDYouTubeVideoPlayerViewController.m in Sources */,
			);
			runOnlyForDeploymentPostprocessing = 0;
		};
/* End PBXSourcesBuildPhase section */

/* Begin XCBuildConfiguration section */
		C2A3F2D917F4827800AC1C3B /* Debug */ = {
			isa = XCBuildConfiguration;
			buildSettings = {
				ALWAYS_SEARCH_USER_PATHS = NO;
				CLANG_ENABLE_OBJC_ARC = YES;
				CLANG_WARN_CONSTANT_CONVERSION = YES;
				CLANG_WARN_EMPTY_BODY = YES;
				CLANG_WARN_ENUM_CONVERSION = YES;
				CLANG_WARN_IMPLICIT_SIGN_CONVERSION = YES;
				CLANG_WARN_INT_CONVERSION = YES;
				CLANG_WARN_SUSPICIOUS_IMPLICIT_CONVERSION = YES;
				COPY_PHASE_STRIP = NO;
				DYLIB_COMPATIBILITY_VERSION = 1.1.1;
				GCC_C_LANGUAGE_STANDARD = gnu99;
				GCC_OPTIMIZATION_LEVEL = 0;
				GCC_TREAT_WARNINGS_AS_ERRORS = YES;
				GCC_WARN_64_TO_32_BIT_CONVERSION = YES;
				GCC_WARN_ABOUT_MISSING_FIELD_INITIALIZERS = YES;
				GCC_WARN_ABOUT_MISSING_NEWLINE = YES;
				GCC_WARN_ABOUT_MISSING_PROTOTYPES = YES;
				GCC_WARN_ABOUT_RETURN_TYPE = YES;
				GCC_WARN_INITIALIZER_NOT_FULLY_BRACKETED = YES;
				GCC_WARN_SHADOW = YES;
				GCC_WARN_SIGN_COMPARE = YES;
				GCC_WARN_UNINITIALIZED_AUTOS = YES;
				GCC_WARN_UNKNOWN_PRAGMAS = YES;
				GCC_WARN_UNUSED_FUNCTION = YES;
				GCC_WARN_UNUSED_LABEL = YES;
				GCC_WARN_UNUSED_VARIABLE = YES;
				IPHONEOS_DEPLOYMENT_TARGET = 5.0;
				ONLY_ACTIVE_ARCH = YES;
				SDKROOT = iphoneos;
				WARNING_CFLAGS = (
					"-Weverything",
					"-Wno-gnu",
					"-Wno-objc-missing-property-synthesis",
					"-Wno-pedantic",
					"-Wno-unused-parameter",
				);
			};
			name = Debug;
		};
		C2A3F2DA17F4827800AC1C3B /* Release */ = {
			isa = XCBuildConfiguration;
			buildSettings = {
				ALWAYS_SEARCH_USER_PATHS = NO;
				CLANG_ENABLE_OBJC_ARC = YES;
				CLANG_WARN_CONSTANT_CONVERSION = YES;
				CLANG_WARN_EMPTY_BODY = YES;
				CLANG_WARN_ENUM_CONVERSION = YES;
				CLANG_WARN_IMPLICIT_SIGN_CONVERSION = YES;
				CLANG_WARN_INT_CONVERSION = YES;
				CLANG_WARN_SUSPICIOUS_IMPLICIT_CONVERSION = YES;
				COPY_PHASE_STRIP = YES;
				DYLIB_COMPATIBILITY_VERSION = 1.1.1;
				GCC_C_LANGUAGE_STANDARD = gnu99;
				GCC_TREAT_WARNINGS_AS_ERRORS = YES;
				GCC_WARN_64_TO_32_BIT_CONVERSION = YES;
				GCC_WARN_ABOUT_MISSING_FIELD_INITIALIZERS = YES;
				GCC_WARN_ABOUT_MISSING_NEWLINE = YES;
				GCC_WARN_ABOUT_MISSING_PROTOTYPES = YES;
				GCC_WARN_ABOUT_RETURN_TYPE = YES;
				GCC_WARN_INITIALIZER_NOT_FULLY_BRACKETED = YES;
				GCC_WARN_SHADOW = YES;
				GCC_WARN_SIGN_COMPARE = YES;
				GCC_WARN_UNINITIALIZED_AUTOS = YES;
				GCC_WARN_UNKNOWN_PRAGMAS = YES;
				GCC_WARN_UNUSED_FUNCTION = YES;
				GCC_WARN_UNUSED_LABEL = YES;
				GCC_WARN_UNUSED_VARIABLE = YES;
				IPHONEOS_DEPLOYMENT_TARGET = 5.0;
				SDKROOT = iphoneos;
				VALIDATE_PRODUCT = YES;
				WARNING_CFLAGS = (
					"-Weverything",
					"-Wno-gnu",
					"-Wno-objc-missing-property-synthesis",
					"-Wno-pedantic",
					"-Wno-unused-parameter",
				);
			};
			name = Release;
		};
		C2A3F2DC17F4827800AC1C3B /* Debug */ = {
			isa = XCBuildConfiguration;
			buildSettings = {
				PRODUCT_NAME = "$(TARGET_NAME)";
			};
			name = Debug;
		};
		C2A3F2DD17F4827800AC1C3B /* Release */ = {
			isa = XCBuildConfiguration;
			buildSettings = {
				PRODUCT_NAME = "$(TARGET_NAME)";
			};
			name = Release;
		};
/* End XCBuildConfiguration section */

/* Begin XCConfigurationList section */
		C2A3F2C817F4827800AC1C3B /* Build configuration list for PBXProject "XCDYouTubeVideoPlayerViewController" */ = {
			isa = XCConfigurationList;
			buildConfigurations = (
				C2A3F2D917F4827800AC1C3B /* Debug */,
				C2A3F2DA17F4827800AC1C3B /* Release */,
			);
			defaultConfigurationIsVisible = 0;
			defaultConfigurationName = Release;
		};
		C2A3F2DB17F4827800AC1C3B /* Build configuration list for PBXNativeTarget "XCDYouTubeVideoPlayerViewController" */ = {
			isa = XCConfigurationList;
			buildConfigurations = (
				C2A3F2DC17F4827800AC1C3B /* Debug */,
				C2A3F2DD17F4827800AC1C3B /* Release */,
			);
			defaultConfigurationIsVisible = 0;
			defaultConfigurationName = Release;
		};
/* End XCConfigurationList section */
	};
	rootObject = C2A3F2C517F4827800AC1C3B /* Project object */;
}
